// !$*UTF8*$!
{
	archiveVersion = 1;
	classes = {
	};
	objectVersion = 46;
	objects = {

/* Begin PBXBuildFile section */
		1C5F4E101E12064400367252 /* AppDelegate.swift in Sources */ = {isa = PBXBuildFile; fileRef = 1C5F4E0F1E12064400367252 /* AppDelegate.swift */; };
		1C5F4E121E12064400367252 /* ViewController.swift in Sources */ = {isa = PBXBuildFile; fileRef = 1C5F4E111E12064400367252 /* ViewController.swift */; };
		1C5F4E151E12064400367252 /* Main.storyboard in Resources */ = {isa = PBXBuildFile; fileRef = 1C5F4E131E12064400367252 /* Main.storyboard */; };
		1C5F4E171E12064400367252 /* Assets.xcassets in Resources */ = {isa = PBXBuildFile; fileRef = 1C5F4E161E12064400367252 /* Assets.xcassets */; };
		1C5F4E1A1E12064400367252 /* LaunchScreen.storyboard in Resources */ = {isa = PBXBuildFile; fileRef = 1C5F4E181E12064400367252 /* LaunchScreen.storyboard */; };
		1C5F4E251E12064400367252 /* UIKit1V2Tests.swift in Sources */ = {isa = PBXBuildFile; fileRef = 1C5F4E241E12064400367252 /* UIKit1V2Tests.swift */; };
		1C5F4E301E12064400367252 /* UIKit1V2UITests.swift in Sources */ = {isa = PBXBuildFile; fileRef = 1C5F4E2F1E12064400367252 /* UIKit1V2UITests.swift */; };
/* End PBXBuildFile section */

/* Begin PBXContainerItemProxy section */
		1C5F4E211E12064400367252 /* PBXContainerItemProxy */ = {
			isa = PBXContainerItemProxy;
			containerPortal = 1C5F4E041E12064300367252 /* Project object */;
			proxyType = 1;
			remoteGlobalIDString = 1C5F4E0B1E12064300367252;
			remoteInfo = UIKit1V2;
		};
		1C5F4E2C1E12064400367252 /* PBXContainerItemProxy */ = {
			isa = PBXContainerItemProxy;
			containerPortal = 1C5F4E041E12064300367252 /* Project object */;
			proxyType = 1;
			remoteGlobalIDString = 1C5F4E0B1E12064300367252;
			remoteInfo = UIKit1V2;
		};
/* End PBXContainerItemProxy section */

/* Begin PBXFileReference section */
		1C5F4E0C1E12064400367252 /* UIKit1V2.app */ = {isa = PBXFileReference; explicitFileType = wrapper.application; includeInIndex = 0; path = UIKit1V2.app; sourceTree = BUILT_PRODUCTS_DIR; };
		1C5F4E0F1E12064400367252 /* AppDelegate.swift */ = {isa = PBXFileReference; lastKnownFileType = sourcecode.swift; path = AppDelegate.swift; sourceTree = "<group>"; };
		1C5F4E111E12064400367252 /* ViewController.swift */ = {isa = PBXFileReference; lastKnownFileType = sourcecode.swift; path = ViewController.swift; sourceTree = "<group>"; };
		1C5F4E141E12064400367252 /* Base */ = {isa = PBXFileReference; lastKnownFileType = file.storyboard; name = Base; path = Base.lproj/Main.storyboard; sourceTree = "<group>"; };
		1C5F4E161E12064400367252 /* Assets.xcassets */ = {isa = PBXFileReference; lastKnownFileType = folder.assetcatalog; path = Assets.xcassets; sourceTree = "<group>"; };
		1C5F4E191E12064400367252 /* Base */ = {isa = PBXFileReference; lastKnownFileType = file.storyboard; name = Base; path = Base.lproj/LaunchScreen.storyboard; sourceTree = "<group>"; };
		1C5F4E1B1E12064400367252 /* Info.plist */ = {isa = PBXFileReference; lastKnownFileType = text.plist.xml; path = Info.plist; sourceTree = "<group>"; };
		1C5F4E201E12064400367252 /* UIKit1V2Tests.xctest */ = {isa = PBXFileReference; explicitFileType = wrapper.cfbundle; includeInIndex = 0; path = UIKit1V2Tests.xctest; sourceTree = BUILT_PRODUCTS_DIR; };
		1C5F4E241E12064400367252 /* UIKit1V2Tests.swift */ = {isa = PBXFileReference; lastKnownFileType = sourcecode.swift; path = UIKit1V2Tests.swift; sourceTree = "<group>"; };
		1C5F4E261E12064400367252 /* Info.plist */ = {isa = PBXFileReference; lastKnownFileType = text.plist.xml; path = Info.plist; sourceTree = "<group>"; };
		1C5F4E2B1E12064400367252 /* UIKit1V2UITests.xctest */ = {isa = PBXFileReference; explicitFileType = wrapper.cfbundle; includeInIndex = 0; path = UIKit1V2UITests.xctest; sourceTree = BUILT_PRODUCTS_DIR; };
		1C5F4E2F1E12064400367252 /* UIKit1V2UITests.swift */ = {isa = PBXFileReference; lastKnownFileType = sourcecode.swift; path = UIKit1V2UITests.swift; sourceTree = "<group>"; };
		1C5F4E311E12064400367252 /* Info.plist */ = {isa = PBXFileReference; lastKnownFileType = text.plist.xml; path = Info.plist; sourceTree = "<group>"; };
/* End PBXFileReference section */

/* Begin PBXFrameworksBuildPhase section */
		1C5F4E091E12064300367252 /* Frameworks */ = {
			isa = PBXFrameworksBuildPhase;
			buildActionMask = 2147483647;
			files = (
			);
			runOnlyForDeploymentPostprocessing = 0;
		};
		1C5F4E1D1E12064400367252 /* Frameworks */ = {
			isa = PBXFrameworksBuildPhase;
			buildActionMask = 2147483647;
			files = (
			);
			runOnlyForDeploymentPostprocessing = 0;
		};
		1C5F4E281E12064400367252 /* Frameworks */ = {
			isa = PBXFrameworksBuildPhase;
			buildActionMask = 2147483647;
			files = (
			);
			runOnlyForDeploymentPostprocessing = 0;
		};
/* End PBXFrameworksBuildPhase section */

/* Begin PBXGroup section */
		1C5F4E031E12064300367252 = {
			isa = PBXGroup;
			children = (
				1C5F4E0E1E12064400367252 /* UIKit1V2 */,
				1C5F4E231E12064400367252 /* UIKit1V2Tests */,
				1C5F4E2E1E12064400367252 /* UIKit1V2UITests */,
				1C5F4E0D1E12064400367252 /* Products */,
			);
			sourceTree = "<group>";
		};
		1C5F4E0D1E12064400367252 /* Products */ = {
			isa = PBXGroup;
			children = (
				1C5F4E0C1E12064400367252 /* UIKit1V2.app */,
				1C5F4E201E12064400367252 /* UIKit1V2Tests.xctest */,
				1C5F4E2B1E12064400367252 /* UIKit1V2UITests.xctest */,
			);
			name = Products;
			sourceTree = "<group>";
		};
		1C5F4E0E1E12064400367252 /* UIKit1V2 */ = {
			isa = PBXGroup;
			children = (
				1C5F4E0F1E12064400367252 /* AppDelegate.swift */,
				1C5F4E111E12064400367252 /* ViewController.swift */,
				1C5F4E131E12064400367252 /* Main.storyboard */,
				1C5F4E161E12064400367252 /* Assets.xcassets */,
				1C5F4E181E12064400367252 /* LaunchScreen.storyboard */,
				1C5F4E1B1E12064400367252 /* Info.plist */,
			);
			path = UIKit1V2;
			sourceTree = "<group>";
		};
		1C5F4E231E12064400367252 /* UIKit1V2Tests */ = {
			isa = PBXGroup;
			children = (
				1C5F4E241E12064400367252 /* UIKit1V2Tests.swift */,
				1C5F4E261E12064400367252 /* Info.plist */,
			);
			path = UIKit1V2Tests;
			sourceTree = "<group>";
		};
		1C5F4E2E1E12064400367252 /* UIKit1V2UITests */ = {
			isa = PBXGroup;
			children = (
				1C5F4E2F1E12064400367252 /* UIKit1V2UITests.swift */,
				1C5F4E311E12064400367252 /* Info.plist */,
			);
			path = UIKit1V2UITests;
			sourceTree = "<group>";
		};
/* End PBXGroup section */

/* Begin PBXNativeTarget section */
		1C5F4E0B1E12064300367252 /* UIKit1V2 */ = {
			isa = PBXNativeTarget;
			buildConfigurationList = 1C5F4E341E12064400367252 /* Build configuration list for PBXNativeTarget "UIKit1V2" */;
			buildPhases = (
				1C5F4E081E12064300367252 /* Sources */,
				1C5F4E091E12064300367252 /* Frameworks */,
				1C5F4E0A1E12064300367252 /* Resources */,
			);
			buildRules = (
			);
			dependencies = (
			);
			name = UIKit1V2;
			productName = UIKit1V2;
			productReference = 1C5F4E0C1E12064400367252 /* UIKit1V2.app */;
			productType = "com.apple.product-type.application";
		};
		1C5F4E1F1E12064400367252 /* UIKit1V2Tests */ = {
			isa = PBXNativeTarget;
			buildConfigurationList = 1C5F4E371E12064400367252 /* Build configuration list for PBXNativeTarget "UIKit1V2Tests" */;
			buildPhases = (
				1C5F4E1C1E12064400367252 /* Sources */,
				1C5F4E1D1E12064400367252 /* Frameworks */,
				1C5F4E1E1E12064400367252 /* Resources */,
			);
			buildRules = (
			);
			dependencies = (
				1C5F4E221E12064400367252 /* PBXTargetDependency */,
			);
			name = UIKit1V2Tests;
			productName = UIKit1V2Tests;
			productReference = 1C5F4E201E12064400367252 /* UIKit1V2Tests.xctest */;
			productType = "com.apple.product-type.bundle.unit-test";
		};
		1C5F4E2A1E12064400367252 /* UIKit1V2UITests */ = {
			isa = PBXNativeTarget;
			buildConfigurationList = 1C5F4E3A1E12064400367252 /* Build configuration list for PBXNativeTarget "UIKit1V2UITests" */;
			buildPhases = (
				1C5F4E271E12064400367252 /* Sources */,
				1C5F4E281E12064400367252 /* Frameworks */,
				1C5F4E291E12064400367252 /* Resources */,
			);
			buildRules = (
			);
			dependencies = (
				1C5F4E2D1E12064400367252 /* PBXTargetDependency */,
			);
			name = UIKit1V2UITests;
			productName = UIKit1V2UITests;
			productReference = 1C5F4E2B1E12064400367252 /* UIKit1V2UITests.xctest */;
			productType = "com.apple.product-type.bundle.ui-testing";
		};
/* End PBXNativeTarget section */

/* Begin PBXProject section */
		1C5F4E041E12064300367252 /* Project object */ = {
			isa = PBXProject;
			attributes = {
				LastSwiftUpdateCheck = 0820;
				LastUpgradeCheck = 0820;
				ORGANIZATIONNAME = "Vicky Mohammad";
				TargetAttributes = {
					1C5F4E0B1E12064300367252 = {
						CreatedOnToolsVersion = 8.2.1;
						ProvisioningStyle = Automatic;
					};
					1C5F4E1F1E12064400367252 = {
						CreatedOnToolsVersion = 8.2.1;
						ProvisioningStyle = Automatic;
						TestTargetID = 1C5F4E0B1E12064300367252;
					};
					1C5F4E2A1E12064400367252 = {
						CreatedOnToolsVersion = 8.2.1;
						ProvisioningStyle = Automatic;
						TestTargetID = 1C5F4E0B1E12064300367252;
					};
				};
			};
			buildConfigurationList = 1C5F4E071E12064300367252 /* Build configuration list for PBXProject "UIKit1V2" */;
			compatibilityVersion = "Xcode 3.2";
			developmentRegion = English;
			hasScannedForEncodings = 0;
			knownRegions = (
				en,
				Base,
			);
			mainGroup = 1C5F4E031E12064300367252;
			productRefGroup = 1C5F4E0D1E12064400367252 /* Products */;
			projectDirPath = "";
			projectRoot = "";
			targets = (
				1C5F4E0B1E12064300367252 /* UIKit1V2 */,
				1C5F4E1F1E12064400367252 /* UIKit1V2Tests */,
				1C5F4E2A1E12064400367252 /* UIKit1V2UITests */,
			);
		};
/* End PBXProject section */

/* Begin PBXResourcesBuildPhase section */
		1C5F4E0A1E12064300367252 /* Resources */ = {
			isa = PBXResourcesBuildPhase;
			buildActionMask = 2147483647;
			files = (
				1C5F4E1A1E12064400367252 /* LaunchScreen.storyboard in Resources */,
				1C5F4E171E12064400367252 /* Assets.xcassets in Resources */,
				1C5F4E151E12064400367252 /* Main.storyboard in Resources */,
			);
			runOnlyForDeploymentPostprocessing = 0;
		};
		1C5F4E1E1E12064400367252 /* Resources */ = {
			isa = PBXResourcesBuildPhase;
			buildActionMask = 2147483647;
			files = (
			);
			runOnlyForDeploymentPostprocessing = 0;
		};
		1C5F4E291E12064400367252 /* Resources */ = {
			isa = PBXResourcesBuildPhase;
			buildActionMask = 2147483647;
			files = (
			);
			runOnlyForDeploymentPostprocessing = 0;
		};
/* End PBXResourcesBuildPhase section */

/* Begin PBXSourcesBuildPhase section */
		1C5F4E081E12064300367252 /* Sources */ = {
			isa = PBXSourcesBuildPhase;
			buildActionMask = 2147483647;
			files = (
				1C5F4E121E12064400367252 /* ViewController.swift in Sources */,
				1C5F4E101E12064400367252 /* AppDelegate.swift in Sources */,
			);
			runOnlyForDeploymentPostprocessing = 0;
		};
		1C5F4E1C1E12064400367252 /* Sources */ = {
			isa = PBXSourcesBuildPhase;
			buildActionMask = 2147483647;
			files = (
				1C5F4E251E12064400367252 /* UIKit1V2Tests.swift in Sources */,
			);
			runOnlyForDeploymentPostprocessing = 0;
		};
		1C5F4E271E12064400367252 /* Sources */ = {
			isa = PBXSourcesBuildPhase;
			buildActionMask = 2147483647;
			files = (
				1C5F4E301E12064400367252 /* UIKit1V2UITests.swift in Sources */,
			);
			runOnlyForDeploymentPostprocessing = 0;
		};
/* End PBXSourcesBuildPhase section */

/* Begin PBXTargetDependency section */
		1C5F4E221E12064400367252 /* PBXTargetDependency */ = {
			isa = PBXTargetDependency;
			target = 1C5F4E0B1E12064300367252 /* UIKit1V2 */;
			targetProxy = 1C5F4E211E12064400367252 /* PBXContainerItemProxy */;
		};
		1C5F4E2D1E12064400367252 /* PBXTargetDependency */ = {
			isa = PBXTargetDependency;
			target = 1C5F4E0B1E12064300367252 /* UIKit1V2 */;
			targetProxy = 1C5F4E2C1E12064400367252 /* PBXContainerItemProxy */;
		};
/* End PBXTargetDependency section */

/* Begin PBXVariantGroup section */
		1C5F4E131E12064400367252 /* Main.storyboard */ = {
			isa = PBXVariantGroup;
			children = (
				1C5F4E141E12064400367252 /* Base */,
			);
			name = Main.storyboard;
			sourceTree = "<group>";
		};
		1C5F4E181E12064400367252 /* LaunchScreen.storyboard */ = {
			isa = PBXVariantGroup;
			children = (
				1C5F4E191E12064400367252 /* Base */,
			);
			name = LaunchScreen.storyboard;
			sourceTree = "<group>";
		};
/* End PBXVariantGroup section */

/* Begin XCBuildConfiguration section */
		1C5F4E321E12064400367252 /* Debug */ = {
			isa = XCBuildConfiguration;
			buildSettings = {
				ALWAYS_SEARCH_USER_PATHS = NO;
				CLANG_ANALYZER_NONNULL = YES;
				CLANG_CXX_LANGUAGE_STANDARD = "gnu++0x";
				CLANG_CXX_LIBRARY = "libc++";
				CLANG_ENABLE_MODULES = YES;
				CLANG_ENABLE_OBJC_ARC = YES;
				CLANG_WARN_BOOL_CONVERSION = YES;
				CLANG_WARN_CONSTANT_CONVERSION = YES;
				CLANG_WARN_DIRECT_OBJC_ISA_USAGE = YES_ERROR;
				CLANG_WARN_DOCUMENTATION_COMMENTS = YES;
				CLANG_WARN_EMPTY_BODY = YES;
				CLANG_WARN_ENUM_CONVERSION = YES;
				CLANG_WARN_INFINITE_RECURSION = YES;
				CLANG_WARN_INT_CONVERSION = YES;
				CLANG_WARN_OBJC_ROOT_CLASS = YES_ERROR;
				CLANG_WARN_SUSPICIOUS_MOVE = YES;
				CLANG_WARN_UNREACHABLE_CODE = YES;
				CLANG_WARN__DUPLICATE_METHOD_MATCH = YES;
				"CODE_SIGN_IDENTITY[sdk=iphoneos*]" = "iPhone Developer";
				COPY_PHASE_STRIP = NO;
				DEBUG_INFORMATION_FORMAT = dwarf;
				ENABLE_STRICT_OBJC_MSGSEND = YES;
				ENABLE_TESTABILITY = YES;
				GCC_C_LANGUAGE_STANDARD = gnu99;
				GCC_DYNAMIC_NO_PIC = NO;
				GCC_NO_COMMON_BLOCKS = YES;
				GCC_OPTIMIZATION_LEVEL = 0;
				GCC_PREPROCESSOR_DEFINITIONS = (
					"DEBUG=1",
					"$(inherited)",
				);
				GCC_WARN_64_TO_32_BIT_CONVERSION = YES;
				GCC_WARN_ABOUT_RETURN_TYPE = YES_ERROR;
				GCC_WARN_UNDECLARED_SELECTOR = YES;
				GCC_WARN_UNINITIALIZED_AUTOS = YES_AGGRESSIVE;
				GCC_WARN_UNUSED_FUNCTION = YES;
				GCC_WARN_UNUSED_VARIABLE = YES;
				IPHONEOS_DEPLOYMENT_TARGET = 10.2;
				MTL_ENABLE_DEBUG_INFO = YES;
				ONLY_ACTIVE_ARCH = YES;
				SDKROOT = iphoneos;
				SWIFT_ACTIVE_COMPILATION_CONDITIONS = DEBUG;
				SWIFT_OPTIMIZATION_LEVEL = "-Onone";
			};
			name = Debug;
		};
		1C5F4E331E12064400367252 /* Release */ = {
			isa = XCBuildConfiguration;
			buildSettings = {
				ALWAYS_SEARCH_USER_PATHS = NO;
				CLANG_ANALYZER_NONNULL = YES;
				CLANG_CXX_LANGUAGE_STANDARD = "gnu++0x";
				CLANG_CXX_LIBRARY = "libc++";
				CLANG_ENABLE_MODULES = YES;
				CLANG_ENABLE_OBJC_ARC = YES;
				CLANG_WARN_BOOL_CONVERSION = YES;
				CLANG_WARN_CONSTANT_CONVERSION = YES;
				CLANG_WARN_DIRECT_OBJC_ISA_USAGE = YES_ERROR;
				CLANG_WARN_DOCUMENTATION_COMMENTS = YES;
				CLANG_WARN_EMPTY_BODY = YES;
				CLANG_WARN_ENUM_CONVERSION = YES;
				CLANG_WARN_INFINITE_RECURSION = YES;
				CLANG_WARN_INT_CONVERSION = YES;
				CLANG_WARN_OBJC_ROOT_CLASS = YES_ERROR;
				CLANG_WARN_SUSPICIOUS_MOVE = YES;
				CLANG_WARN_UNREACHABLE_CODE = YES;
				CLANG_WARN__DUPLICATE_METHOD_MATCH = YES;
				"CODE_SIGN_IDENTITY[sdk=iphoneos*]" = "iPhone Developer";
				COPY_PHASE_STRIP = NO;
				DEBUG_INFORMATION_FORMAT = "dwarf-with-dsym";
				ENABLE_NS_ASSERTIONS = NO;
				ENABLE_STRICT_OBJC_MSGSEND = YES;
				GCC_C_LANGUAGE_STANDARD = gnu99;
				GCC_NO_COMMON_BLOCKS = YES;
				GCC_WARN_64_TO_32_BIT_CONVERSION = YES;
				GCC_WARN_ABOUT_RETURN_TYPE = YES_ERROR;
				GCC_WARN_UNDECLARED_SELECTOR = YES;
				GCC_WARN_UNINITIALIZED_AUTOS = YES_AGGRESSIVE;
				GCC_WARN_UNUSED_FUNCTION = YES;
				GCC_WARN_UNUSED_VARIABLE = YES;
				IPHONEOS_DEPLOYMENT_TARGET = 10.2;
				MTL_ENABLE_DEBUG_INFO = NO;
				SDKROOT = iphoneos;
				SWIFT_OPTIMIZATION_LEVEL = "-Owholemodule";
				VALIDATE_PRODUCT = YES;
			};
			name = Release;
		};
		1C5F4E351E12064400367252 /* Debug */ = {
			isa = XCBuildConfiguration;
			buildSettings = {
				ASSETCATALOG_COMPILER_APPICON_NAME = AppIcon;
				INFOPLIST_FILE = UIKit1V2/Info.plist;
				LD_RUNPATH_SEARCH_PATHS = "$(inherited) @executable_path/Frameworks";
				PRODUCT_BUNDLE_IDENTIFIER = "Vicky-Mohammad.UIKit1V2";
				PRODUCT_NAME = "$(TARGET_NAME)";
				SWIFT_VERSION = 3.0;
			};
			name = Debug;
		};
		1C5F4E361E12064400367252 /* Release */ = {
			isa = XCBuildConfiguration;
			buildSettings = {
				ASSETCATALOG_COMPILER_APPICON_NAME = AppIcon;
				INFOPLIST_FILE = UIKit1V2/Info.plist;
				LD_RUNPATH_SEARCH_PATHS = "$(inherited) @executable_path/Frameworks";
				PRODUCT_BUNDLE_IDENTIFIER = "Vicky-Mohammad.UIKit1V2";
				PRODUCT_NAME = "$(TARGET_NAME)";
				SWIFT_VERSION = 3.0;
			};
			name = Release;
		};
		1C5F4E381E12064400367252 /* Debug */ = {
			isa = XCBuildConfiguration;
			buildSettings = {
				ALWAYS_EMBED_SWIFT_STANDARD_LIBRARIES = YES;
				BUNDLE_LOADER = "$(TEST_HOST)";
				INFOPLIST_FILE = UIKit1V2Tests/Info.plist;
				LD_RUNPATH_SEARCH_PATHS = "$(inherited) @executable_path/Frameworks @loader_path/Frameworks";
				PRODUCT_BUNDLE_IDENTIFIER = "Vicky-Mohammad.UIKit1V2Tests";
				PRODUCT_NAME = "$(TARGET_NAME)";
				SWIFT_VERSION = 3.0;
				TEST_HOST = "$(BUILT_PRODUCTS_DIR)/UIKit1V2.app/UIKit1V2";
			};
			name = Debug;
		};
		1C5F4E391E12064400367252 /* Release */ = {
			isa = XCBuildConfiguration;
			buildSettings = {
				ALWAYS_EMBED_SWIFT_STANDARD_LIBRARIES = YES;
				BUNDLE_LOADER = "$(TEST_HOST)";
				INFOPLIST_FILE = UIKit1V2Tests/Info.plist;
				LD_RUNPATH_SEARCH_PATHS = "$(inherited) @executable_path/Frameworks @loader_path/Frameworks";
				PRODUCT_BUNDLE_IDENTIFIER = "Vicky-Mohammad.UIKit1V2Tests";
				PRODUCT_NAME = "$(TARGET_NAME)";
				SWIFT_VERSION = 3.0;
				TEST_HOST = "$(BUILT_PRODUCTS_DIR)/UIKit1V2.app/UIKit1V2";
			};
			name = Release;
		};
		1C5F4E3B1E12064400367252 /* Debug */ = {
			isa = XCBuildConfiguration;
			buildSettings = {
				ALWAYS_EMBED_SWIFT_STANDARD_LIBRARIES = YES;
				INFOPLIST_FILE = UIKit1V2UITests/Info.plist;
				LD_RUNPATH_SEARCH_PATHS = "$(inherited) @executable_path/Frameworks @loader_path/Frameworks";
				PRODUCT_BUNDLE_IDENTIFIER = "Vicky-Mohammad.UIKit1V2UITests";
				PRODUCT_NAME = "$(TARGET_NAME)";
				SWIFT_VERSION = 3.0;
				TEST_TARGET_NAME = UIKit1V2;
			};
			name = Debug;
		};
		1C5F4E3C1E12064400367252 /* Release */ = {
			isa = XCBuildConfiguration;
			buildSettings = {
				ALWAYS_EMBED_SWIFT_STANDARD_LIBRARIES = YES;
				INFOPLIST_FILE = UIKit1V2UITests/Info.plist;
				LD_RUNPATH_SEARCH_PATHS = "$(inherited) @executable_path/Frameworks @loader_path/Frameworks";
				PRODUCT_BUNDLE_IDENTIFIER = "Vicky-Mohammad.UIKit1V2UITests";
				PRODUCT_NAME = "$(TARGET_NAME)";
				SWIFT_VERSION = 3.0;
				TEST_TARGET_NAME = UIKit1V2;
			};
			name = Release;
		};
/* End XCBuildConfiguration section */

/* Begin XCConfigurationList section */
		1C5F4E071E12064300367252 /* Build configuration list for PBXProject "UIKit1V2" */ = {
			isa = XCConfigurationList;
			buildConfigurations = (
				1C5F4E321E12064400367252 /* Debug */,
				1C5F4E331E12064400367252 /* Release */,
			);
			defaultConfigurationIsVisible = 0;
			defaultConfigurationName = Release;
		};
		1C5F4E341E12064400367252 /* Build configuration list for PBXNativeTarget "UIKit1V2" */ = {
			isa = XCConfigurationList;
			buildConfigurations = (
				1C5F4E351E12064400367252 /* Debug */,
				1C5F4E361E12064400367252 /* Release */,
			);
			defaultConfigurationIsVisible = 0;
		};
		1C5F4E371E12064400367252 /* Build configuration list for PBXNativeTarget "UIKit1V2Tests" */ = {
			isa = XCConfigurationList;
			buildConfigurations = (
				1C5F4E381E12064400367252 /* Debug */,
				1C5F4E391E12064400367252 /* Release */,
			);
			defaultConfigurationIsVisible = 0;
		};
		1C5F4E3A1E12064400367252 /* Build configuration list for PBXNativeTarget "UIKit1V2UITests" */ = {
			isa = XCConfigurationList;
			buildConfigurations = (
				1C5F4E3B1E12064400367252 /* Debug */,
				1C5F4E3C1E12064400367252 /* Release */,
			);
			defaultConfigurationIsVisible = 0;
		};
/* End XCConfigurationList section */
	};
	rootObject = 1C5F4E041E12064300367252 /* Project object */;
}
